
Microsoft Visual Studio Solution File, Format Version 12.00
# Visual Studio Version 17
VisualStudioVersion = 17.5.002.0
MinimumVisualStudioVersion = 10.0.40219.1
Project("{9A19103F-16F7-4668-BE54-9A1E7A4F7556}") = "blazorFrontend", "blazorFrontend.csproj", "{5AA9B384-5D6C-47AD-A1D9-97A73C877317}"
EndProject
Global
	GlobalSection(SolutionConfigurationPlatforms) = preSolution
		Debug|Any CPU = Debug|Any CPU
		Release|Any CPU = Release|Any CPU
	EndGlobalSection
	GlobalSection(ProjectConfigurationPlatforms) = postSolution
		{5AA9B384-5D6C-47AD-A1D9-97A73C877317}.Debug|Any CPU.ActiveCfg = Debug|Any CPU
		{5AA9B384-5D6C-47AD-A1D9-97A73C877317}.Debug|Any CPU.Build.0 = Debug|Any CPU
		{5AA9B384-5D6C-47AD-A1D9-97A73C877317}.Release|Any CPU.ActiveCfg = Release|Any CPU
		{5AA9B384-5D6C-47AD-A1D9-97A73C877317}.Release|Any CPU.Build.0 = Release|Any CPU
	EndGlobalSection
	GlobalSection(SolutionProperties) = preSolution
		HideSolutionNode = FALSE
	EndGlobalSection
	GlobalSection(ExtensibilityGlobals) = postSolution
		SolutionGuid = {528AC911-ABED-4FEF-9AD4-71D9970ADE2B}
	EndGlobalSection
EndGlobal
